
Microsoft Visual Studio Solution File, Format Version 12.00
# Visual Studio Version 16
VisualStudioVersion = 16.0.30503.244
MinimumVisualStudioVersion = 10.0.40219.1
Project("{FAE04EC0-301F-11D3-BF4B-00C04F79EFBC}") = "SPA", "SPA\SPA.csproj", "{A0FF9269-14DE-4FDA-8234-DB59D62F8683}"
EndProject
Global
	GlobalSection(SolutionConfigurationPlatforms) = preSolution
		Debug|Any CPU = Debug|Any CPU
		Release|Any CPU = Release|Any CPU
	EndGlobalSection
	GlobalSection(ProjectConfigurationPlatforms) = postSolution
		{A0FF9269-14DE-4FDA-8234-DB59D62F8683}.Debug|Any CPU.ActiveCfg = Debug|Any CPU
		{A0FF9269-14DE-4FDA-8234-DB59D62F8683}.Debug|Any CPU.Build.0 = Debug|Any CPU
		{A0FF9269-14DE-4FDA-8234-DB59D62F8683}.Release|Any CPU.ActiveCfg = Release|Any CPU
		{A0FF9269-14DE-4FDA-8234-DB59D62F8683}.Release|Any CPU.Build.0 = Release|Any CPU
	EndGlobalSection
	GlobalSection(SolutionProperties) = preSolution
		HideSolutionNode = FALSE
	EndGlobalSection
	GlobalSection(ExtensibilityGlobals) = postSolution
		SolutionGuid = {D80C2CFE-2091-4775-BF83-7B40916B0361}
	EndGlobalSection
EndGlobal
